
Microsoft Visual Studio Solution File, Format Version 12.00
# Visual Studio Version 17
VisualStudioVersion = 17.5.002.0
MinimumVisualStudioVersion = 10.0.40219.1
Project("{9A19103F-16F7-4668-BE54-9A1E7A4F7556}") = "ScreenSound", "ScreenSound.csproj", "{37E25989-73D1-4F2B-8C73-8079A95C94D4}"
EndProject
Global
	GlobalSection(SolutionConfigurationPlatforms) = preSolution
		Debug|Any CPU = Debug|Any CPU
		Release|Any CPU = Release|Any CPU
	EndGlobalSection
	GlobalSection(ProjectConfigurationPlatforms) = postSolution
		{37E25989-73D1-4F2B-8C73-8079A95C94D4}.Debug|Any CPU.ActiveCfg = Debug|Any CPU
		{37E25989-73D1-4F2B-8C73-8079A95C94D4}.Debug|Any CPU.Build.0 = Debug|Any CPU
		{37E25989-73D1-4F2B-8C73-8079A95C94D4}.Release|Any CPU.ActiveCfg = Release|Any CPU
		{37E25989-73D1-4F2B-8C73-8079A95C94D4}.Release|Any CPU.Build.0 = Release|Any CPU
	EndGlobalSection
	GlobalSection(SolutionProperties) = preSolution
		HideSolutionNode = FALSE
	EndGlobalSection
	GlobalSection(ExtensibilityGlobals) = postSolution
		SolutionGuid = {3499ED24-835F-4184-8EBA-39EBCE5C6B90}
	EndGlobalSection
EndGlobal
